{
    "hash": "5a694f758b53c0b9f7ce611a2d97633e",
    "packages": [
        {
            "package": "doctrine/common",
            "version": "2.1.x-dev",
            "source-reference": "41794945e795e108060eddb3342c9e13524b9b3e"
        },
        {
            "package": "doctrine/dbal",
            "version": "2.1.x-dev",
            "source-reference": "76799960a54af583e82bedcf246e8c9c18006e94"
        },
        {
            "package": "doctrine/mongodb",
            "version": "dev-master",
            "source-reference": "1a8380ff6b8a2ccdb09ebde375ad5b0b9449e3f1"
        },
        {
            "package": "doctrine/mongodb-odm",
            "version": "dev-parent_document_property",
            "source-reference": "f3ba4317bf61333c79ee2905651b82470fa36cff"
        },
        {
            "package": "doctrine/orm",
            "version": "2.1.x-dev",
            "source-reference": "417b6b0e5e81c4da90745728b3f05bd5fcb5cccd"
        },
        {
            "package": "symfony/console",
            "version": "dev-master",
            "source-reference": "afc5ecf2967bf3510363535c0389ddc0f6284784"
        },
        {
            "package": "symfony/yaml",
            "version": "dev-master",
            "source-reference": "8272d98f8087878db37e8e5f6d4e37c5cc783dc3"
        }
    ],
    "packages-dev": null,
    "aliases": [

    ],
    "minimum-stability": "dev",
    "stability-flags": [

    ]
}
